// !$*UTF8*$!
{
	archiveVersion = 1;
	classes = {
	};
	objectVersion = 50;
	objects = {

/* Begin PBXBuildFile section */
		30F94A4E227B9C160077DF17 /* AppDelegate.swift in Sources */ = {isa = PBXBuildFile; fileRef = 30F94A4D227B9C160077DF17 /* AppDelegate.swift */; };
		30F94A53227B9C160077DF17 /* Main.storyboard in Resources */ = {isa = PBXBuildFile; fileRef = 30F94A51227B9C160077DF17 /* Main.storyboard */; };
		30F94A56227B9C160077DF17 /* DoIT.xcdatamodeld in Sources */ = {isa = PBXBuildFile; fileRef = 30F94A54227B9C160077DF17 /* DoIT.xcdatamodeld */; };
		30F94A58227B9C180077DF17 /* Assets.xcassets in Resources */ = {isa = PBXBuildFile; fileRef = 30F94A57227B9C180077DF17 /* Assets.xcassets */; };
		30F94A66227B9C180077DF17 /* DoITTests.swift in Sources */ = {isa = PBXBuildFile; fileRef = 30F94A65227B9C180077DF17 /* DoITTests.swift */; };
		30F94A71227B9C180077DF17 /* DoITUITests.swift in Sources */ = {isa = PBXBuildFile; fileRef = 30F94A70227B9C180077DF17 /* DoITUITests.swift */; };
		30F94A7F227BBD8C0077DF17 /* DoITTableViewController.swift in Sources */ = {isa = PBXBuildFile; fileRef = 30F94A7E227BBD8C0077DF17 /* DoITTableViewController.swift */; };
		30F94A81227CD9C10077DF17 /* DoIT.swift in Sources */ = {isa = PBXBuildFile; fileRef = 30F94A80227CD9C10077DF17 /* DoIT.swift */; };
		30F94A83227CFAE10077DF17 /* AddDoITViewController.swift in Sources */ = {isa = PBXBuildFile; fileRef = 30F94A82227CFAE10077DF17 /* AddDoITViewController.swift */; };
		30F94AA5227D09550077DF17 /* Icon-App-20x20@2x.png in Resources */ = {isa = PBXBuildFile; fileRef = 30F94AA4227D09550077DF17 /* Icon-App-20x20@2x.png */; };
		30F94AA9227D14710077DF17 /* Icon-App-20x20@3x.png in Resources */ = {isa = PBXBuildFile; fileRef = 30F94AA8227D14710077DF17 /* Icon-App-20x20@3x.png */; };
/* End PBXBuildFile section */

/* Begin PBXContainerItemProxy section */
		30F94A62227B9C180077DF17 /* PBXContainerItemProxy */ = {
			isa = PBXContainerItemProxy;
			containerPortal = 30F94A42227B9C160077DF17 /* Project object */;
			proxyType = 1;
			remoteGlobalIDString = 30F94A49227B9C160077DF17;
			remoteInfo = DoIT;
		};
		30F94A6D227B9C180077DF17 /* PBXContainerItemProxy */ = {
			isa = PBXContainerItemProxy;
			containerPortal = 30F94A42227B9C160077DF17 /* Project object */;
			proxyType = 1;
			remoteGlobalIDString = 30F94A49227B9C160077DF17;
			remoteInfo = DoIT;
		};
/* End PBXContainerItemProxy section */

/* Begin PBXFileReference section */
		30F94A4A227B9C160077DF17 /* DoIT.app */ = {isa = PBXFileReference; explicitFileType = wrapper.application; includeInIndex = 0; path = DoIT.app; sourceTree = BUILT_PRODUCTS_DIR; };
		30F94A4D227B9C160077DF17 /* AppDelegate.swift */ = {isa = PBXFileReference; lastKnownFileType = sourcecode.swift; path = AppDelegate.swift; sourceTree = "<group>"; };
		30F94A52227B9C160077DF17 /* Base */ = {isa = PBXFileReference; lastKnownFileType = file.storyboard; name = Base; path = Base.lproj/Main.storyboard; sourceTree = "<group>"; };
		30F94A55227B9C160077DF17 /* DoIT.xcdatamodel */ = {isa = PBXFileReference; lastKnownFileType = wrapper.xcdatamodel; path = DoIT.xcdatamodel; sourceTree = "<group>"; };
		30F94A57227B9C180077DF17 /* Assets.xcassets */ = {isa = PBXFileReference; lastKnownFileType = folder.assetcatalog; path = Assets.xcassets; sourceTree = "<group>"; };
		30F94A5C227B9C180077DF17 /* Info.plist */ = {isa = PBXFileReference; lastKnownFileType = text.plist.xml; path = Info.plist; sourceTree = "<group>"; };
		30F94A61227B9C180077DF17 /* DoITTests.xctest */ = {isa = PBXFileReference; explicitFileType = wrapper.cfbundle; includeInIndex = 0; path = DoITTests.xctest; sourceTree = BUILT_PRODUCTS_DIR; };
		30F94A65227B9C180077DF17 /* DoITTests.swift */ = {isa = PBXFileReference; lastKnownFileType = sourcecode.swift; path = DoITTests.swift; sourceTree = "<group>"; };
		30F94A67227B9C180077DF17 /* Info.plist */ = {isa = PBXFileReference; lastKnownFileType = text.plist.xml; path = Info.plist; sourceTree = "<group>"; };
		30F94A6C227B9C180077DF17 /* DoITUITests.xctest */ = {isa = PBXFileReference; explicitFileType = wrapper.cfbundle; includeInIndex = 0; path = DoITUITests.xctest; sourceTree = BUILT_PRODUCTS_DIR; };
		30F94A70227B9C180077DF17 /* DoITUITests.swift */ = {isa = PBXFileReference; lastKnownFileType = sourcecode.swift; path = DoITUITests.swift; sourceTree = "<group>"; };
		30F94A72227B9C180077DF17 /* Info.plist */ = {isa = PBXFileReference; lastKnownFileType = text.plist.xml; path = Info.plist; sourceTree = "<group>"; };
		30F94A7E227BBD8C0077DF17 /* DoITTableViewController.swift */ = {isa = PBXFileReference; lastKnownFileType = sourcecode.swift; path = DoITTableViewController.swift; sourceTree = "<group>"; };
		30F94A80227CD9C10077DF17 /* DoIT.swift */ = {isa = PBXFileReference; lastKnownFileType = sourcecode.swift; path = DoIT.swift; sourceTree = "<group>"; };
		30F94A82227CFAE10077DF17 /* AddDoITViewController.swift */ = {isa = PBXFileReference; lastKnownFileType = sourcecode.swift; path = AddDoITViewController.swift; sourceTree = "<group>"; };
		30F94AA4227D09550077DF17 /* Icon-App-20x20@2x.png */ = {isa = PBXFileReference; lastKnownFileType = image.png; path = "Icon-App-20x20@2x.png"; sourceTree = "<group>"; };
		30F94AA8227D14710077DF17 /* Icon-App-20x20@3x.png */ = {isa = PBXFileReference; lastKnownFileType = image.png; path = "Icon-App-20x20@3x.png"; sourceTree = "<group>"; };
		30F94AAA227D1C190077DF17 /* ru */ = {isa = PBXFileReference; lastKnownFileType = text.plist.strings; name = ru; path = ru.lproj/Main.strings; sourceTree = "<group>"; };
		30F94AAB227D1C280077DF17 /* sv */ = {isa = PBXFileReference; lastKnownFileType = text.plist.strings; name = sv; path = sv.lproj/Main.strings; sourceTree = "<group>"; };
/* End PBXFileReference section */

/* Begin PBXFrameworksBuildPhase section */
		30F94A47227B9C160077DF17 /* Frameworks */ = {
			isa = PBXFrameworksBuildPhase;
			buildActionMask = 2147483647;
			files = (
			);
			runOnlyForDeploymentPostprocessing = 0;
		};
		30F94A5E227B9C180077DF17 /* Frameworks */ = {
			isa = PBXFrameworksBuildPhase;
			buildActionMask = 2147483647;
			files = (
			);
			runOnlyForDeploymentPostprocessing = 0;
		};
		30F94A69227B9C180077DF17 /* Frameworks */ = {
			isa = PBXFrameworksBuildPhase;
			buildActionMask = 2147483647;
			files = (
			);
			runOnlyForDeploymentPostprocessing = 0;
		};
/* End PBXFrameworksBuildPhase section */

/* Begin PBXGroup section */
		30F94A41227B9C160077DF17 = {
			isa = PBXGroup;
			children = (
				30F94A4C227B9C160077DF17 /* DoIT */,
				30F94A64227B9C180077DF17 /* DoITTests */,
				30F94A6F227B9C180077DF17 /* DoITUITests */,
				30F94A4B227B9C160077DF17 /* Products */,
			);
			sourceTree = "<group>";
		};
		30F94A4B227B9C160077DF17 /* Products */ = {
			isa = PBXGroup;
			children = (
				30F94A4A227B9C160077DF17 /* DoIT.app */,
				30F94A61227B9C180077DF17 /* DoITTests.xctest */,
				30F94A6C227B9C180077DF17 /* DoITUITests.xctest */,
			);
			name = Products;
			sourceTree = "<group>";
		};
		30F94A4C227B9C160077DF17 /* DoIT */ = {
			isa = PBXGroup;
			children = (
				30F94A4D227B9C160077DF17 /* AppDelegate.swift */,
				30F94A7E227BBD8C0077DF17 /* DoITTableViewController.swift */,
				30F94A82227CFAE10077DF17 /* AddDoITViewController.swift */,
				30F94A80227CD9C10077DF17 /* DoIT.swift */,
				30F94A51227B9C160077DF17 /* Main.storyboard */,
				30F94A57227B9C180077DF17 /* Assets.xcassets */,
				30F94A5C227B9C180077DF17 /* Info.plist */,
				30F94AA8227D14710077DF17 /* Icon-App-20x20@3x.png */,
				30F94AA4227D09550077DF17 /* Icon-App-20x20@2x.png */,
				30F94A54227B9C160077DF17 /* DoIT.xcdatamodeld */,
			);
			path = DoIT;
			sourceTree = "<group>";
		};
		30F94A64227B9C180077DF17 /* DoITTests */ = {
			isa = PBXGroup;
			children = (
				30F94A65227B9C180077DF17 /* DoITTests.swift */,
				30F94A67227B9C180077DF17 /* Info.plist */,
			);
			path = DoITTests;
			sourceTree = "<group>";
		};
		30F94A6F227B9C180077DF17 /* DoITUITests */ = {
			isa = PBXGroup;
			children = (
				30F94A70227B9C180077DF17 /* DoITUITests.swift */,
				30F94A72227B9C180077DF17 /* Info.plist */,
			);
			path = DoITUITests;
			sourceTree = "<group>";
		};
/* End PBXGroup section */

/* Begin PBXNativeTarget section */
		30F94A49227B9C160077DF17 /* DoIT */ = {
			isa = PBXNativeTarget;
			buildConfigurationList = 30F94A75227B9C180077DF17 /* Build configuration list for PBXNativeTarget "DoIT" */;
			buildPhases = (
				30F94A46227B9C160077DF17 /* Sources */,
				30F94A47227B9C160077DF17 /* Frameworks */,
				30F94A48227B9C160077DF17 /* Resources */,
			);
			buildRules = (
			);
			dependencies = (
			);
			name = DoIT;
			productName = DoIT;
			productReference = 30F94A4A227B9C160077DF17 /* DoIT.app */;
			productType = "com.apple.product-type.application";
		};
		30F94A60227B9C180077DF17 /* DoITTests */ = {
			isa = PBXNativeTarget;
			buildConfigurationList = 30F94A78227B9C180077DF17 /* Build configuration list for PBXNativeTarget "DoITTests" */;
			buildPhases = (
				30F94A5D227B9C180077DF17 /* Sources */,
				30F94A5E227B9C180077DF17 /* Frameworks */,
				30F94A5F227B9C180077DF17 /* Resources */,
			);
			buildRules = (
			);
			dependencies = (
				30F94A63227B9C180077DF17 /* PBXTargetDependency */,
			);
			name = DoITTests;
			productName = DoITTests;
			productReference = 30F94A61227B9C180077DF17 /* DoITTests.xctest */;
			productType = "com.apple.product-type.bundle.unit-test";
		};
		30F94A6B227B9C180077DF17 /* DoITUITests */ = {
			isa = PBXNativeTarget;
			buildConfigurationList = 30F94A7B227B9C180077DF17 /* Build configuration list for PBXNativeTarget "DoITUITests" */;
			buildPhases = (
				30F94A68227B9C180077DF17 /* Sources */,
				30F94A69227B9C180077DF17 /* Frameworks */,
				30F94A6A227B9C180077DF17 /* Resources */,
			);
			buildRules = (
			);
			dependencies = (
				30F94A6E227B9C180077DF17 /* PBXTargetDependency */,
			);
			name = DoITUITests;
			productName = DoITUITests;
			productReference = 30F94A6C227B9C180077DF17 /* DoITUITests.xctest */;
			productType = "com.apple.product-type.bundle.ui-testing";
		};
/* End PBXNativeTarget section */

/* Begin PBXProject section */
		30F94A42227B9C160077DF17 /* Project object */ = {
			isa = PBXProject;
			attributes = {
				LastSwiftUpdateCheck = 1020;
				LastUpgradeCheck = 1020;
				ORGANIZATIONNAME = "Dmitriy Porollo";
				TargetAttributes = {
					30F94A49227B9C160077DF17 = {
						CreatedOnToolsVersion = 10.2.1;
					};
					30F94A60227B9C180077DF17 = {
						CreatedOnToolsVersion = 10.2.1;
						TestTargetID = 30F94A49227B9C160077DF17;
					};
					30F94A6B227B9C180077DF17 = {
						CreatedOnToolsVersion = 10.2.1;
						TestTargetID = 30F94A49227B9C160077DF17;
					};
				};
			};
			buildConfigurationList = 30F94A45227B9C160077DF17 /* Build configuration list for PBXProject "DoIT" */;
			compatibilityVersion = "Xcode 9.3";
			developmentRegion = en;
			hasScannedForEncodings = 0;
			knownRegions = (
				en,
				Base,
				ru,
				sv,
			);
			mainGroup = 30F94A41227B9C160077DF17;
			productRefGroup = 30F94A4B227B9C160077DF17 /* Products */;
			projectDirPath = "";
			projectRoot = "";
			targets = (
				30F94A49227B9C160077DF17 /* DoIT */,
				30F94A60227B9C180077DF17 /* DoITTests */,
				30F94A6B227B9C180077DF17 /* DoITUITests */,
			);
		};
/* End PBXProject section */

/* Begin PBXResourcesBuildPhase section */
		30F94A48227B9C160077DF17 /* Resources */ = {
			isa = PBXResourcesBuildPhase;
			buildActionMask = 2147483647;
			files = (
				30F94A58227B9C180077DF17 /* Assets.xcassets in Resources */,
				30F94A53227B9C160077DF17 /* Main.storyboard in Resources */,
				30F94AA5227D09550077DF17 /* Icon-App-20x20@2x.png in Resources */,
				30F94AA9227D14710077DF17 /* Icon-App-20x20@3x.png in Resources */,
			);
			runOnlyForDeploymentPostprocessing = 0;
		};
		30F94A5F227B9C180077DF17 /* Resources */ = {
			isa = PBXResourcesBuildPhase;
			buildActionMask = 2147483647;
			files = (
			);
			runOnlyForDeploymentPostprocessing = 0;
		};
		30F94A6A227B9C180077DF17 /* Resources */ = {
			isa = PBXResourcesBuildPhase;
			buildActionMask = 2147483647;
			files = (
			);
			runOnlyForDeploymentPostprocessing = 0;
		};
/* End PBXResourcesBuildPhase section */

/* Begin PBXSourcesBuildPhase section */
		30F94A46227B9C160077DF17 /* Sources */ = {
			isa = PBXSourcesBuildPhase;
			buildActionMask = 2147483647;
			files = (
				30F94A83227CFAE10077DF17 /* AddDoITViewController.swift in Sources */,
				30F94A56227B9C160077DF17 /* DoIT.xcdatamodeld in Sources */,
				30F94A81227CD9C10077DF17 /* DoIT.swift in Sources */,
				30F94A4E227B9C160077DF17 /* AppDelegate.swift in Sources */,
				30F94A7F227BBD8C0077DF17 /* DoITTableViewController.swift in Sources */,
			);
			runOnlyForDeploymentPostprocessing = 0;
		};
		30F94A5D227B9C180077DF17 /* Sources */ = {
			isa = PBXSourcesBuildPhase;
			buildActionMask = 2147483647;
			files = (
				30F94A66227B9C180077DF17 /* DoITTests.swift in Sources */,
			);
			runOnlyForDeploymentPostprocessing = 0;
		};
		30F94A68227B9C180077DF17 /* Sources */ = {
			isa = PBXSourcesBuildPhase;
			buildActionMask = 2147483647;
			files = (
				30F94A71227B9C180077DF17 /* DoITUITests.swift in Sources */,
			);
			runOnlyForDeploymentPostprocessing = 0;
		};
/* End PBXSourcesBuildPhase section */

/* Begin PBXTargetDependency section */
		30F94A63227B9C180077DF17 /* PBXTargetDependency */ = {
			isa = PBXTargetDependency;
			target = 30F94A49227B9C160077DF17 /* DoIT */;
			targetProxy = 30F94A62227B9C180077DF17 /* PBXContainerItemProxy */;
		};
		30F94A6E227B9C180077DF17 /* PBXTargetDependency */ = {
			isa = PBXTargetDependency;
			target = 30F94A49227B9C160077DF17 /* DoIT */;
			targetProxy = 30F94A6D227B9C180077DF17 /* PBXContainerItemProxy */;
		};
/* End PBXTargetDependency section */

/* Begin PBXVariantGroup section */
		30F94A51227B9C160077DF17 /* Main.storyboard */ = {
			isa = PBXVariantGroup;
			children = (
				30F94A52227B9C160077DF17 /* Base */,
				30F94AAA227D1C190077DF17 /* ru */,
				30F94AAB227D1C280077DF17 /* sv */,
			);
			name = Main.storyboard;
			sourceTree = "<group>";
		};
/* End PBXVariantGroup section */

/* Begin XCBuildConfiguration section */
		30F94A73227B9C180077DF17 /* Debug */ = {
			isa = XCBuildConfiguration;
			buildSettings = {
				ALWAYS_SEARCH_USER_PATHS = NO;
				CLANG_ANALYZER_LOCALIZABILITY_NONLOCALIZED = YES;
				CLANG_ANALYZER_NONNULL = YES;
				CLANG_ANALYZER_NUMBER_OBJECT_CONVERSION = YES_AGGRESSIVE;
				CLANG_CXX_LANGUAGE_STANDARD = "gnu++14";
				CLANG_CXX_LIBRARY = "libc++";
				CLANG_ENABLE_MODULES = YES;
				CLANG_ENABLE_OBJC_ARC = YES;
				CLANG_ENABLE_OBJC_WEAK = YES;
				CLANG_WARN_BLOCK_CAPTURE_AUTORELEASING = YES;
				CLANG_WARN_BOOL_CONVERSION = YES;
				CLANG_WARN_COMMA = YES;
				CLANG_WARN_CONSTANT_CONVERSION = YES;
				CLANG_WARN_DEPRECATED_OBJC_IMPLEMENTATIONS = YES;
				CLANG_WARN_DIRECT_OBJC_ISA_USAGE = YES_ERROR;
				CLANG_WARN_DOCUMENTATION_COMMENTS = YES;
				CLANG_WARN_EMPTY_BODY = YES;
				CLANG_WARN_ENUM_CONVERSION = YES;
				CLANG_WARN_INFINITE_RECURSION = YES;
				CLANG_WARN_INT_CONVERSION = YES;
				CLANG_WARN_NON_LITERAL_NULL_CONVERSION = YES;
				CLANG_WARN_OBJC_IMPLICIT_RETAIN_SELF = YES;
				CLANG_WARN_OBJC_LITERAL_CONVERSION = YES;
				CLANG_WARN_OBJC_ROOT_CLASS = YES_ERROR;
				CLANG_WARN_RANGE_LOOP_ANALYSIS = YES;
				CLANG_WARN_STRICT_PROTOTYPES = YES;
				CLANG_WARN_SUSPICIOUS_MOVE = YES;
				CLANG_WARN_UNGUARDED_AVAILABILITY = YES_AGGRESSIVE;
				CLANG_WARN_UNREACHABLE_CODE = YES;
				CLANG_WARN__DUPLICATE_METHOD_MATCH = YES;
				CODE_SIGN_IDENTITY = "iPhone Developer";
				COPY_PHASE_STRIP = NO;
				DEBUG_INFORMATION_FORMAT = dwarf;
				ENABLE_STRICT_OBJC_MSGSEND = YES;
				ENABLE_TESTABILITY = YES;
				GCC_C_LANGUAGE_STANDARD = gnu11;
				GCC_DYNAMIC_NO_PIC = NO;
				GCC_NO_COMMON_BLOCKS = YES;
				GCC_OPTIMIZATION_LEVEL = 0;
				GCC_PREPROCESSOR_DEFINITIONS = (
					"DEBUG=1",
					"$(inherited)",
				);
				GCC_WARN_64_TO_32_BIT_CONVERSION = YES;
				GCC_WARN_ABOUT_RETURN_TYPE = YES_ERROR;
				GCC_WARN_UNDECLARED_SELECTOR = YES;
				GCC_WARN_UNINITIALIZED_AUTOS = YES_AGGRESSIVE;
				GCC_WARN_UNUSED_FUNCTION = YES;
				GCC_WARN_UNUSED_VARIABLE = YES;
				IPHONEOS_DEPLOYMENT_TARGET = 12.2;
				MTL_ENABLE_DEBUG_INFO = INCLUDE_SOURCE;
				MTL_FAST_MATH = YES;
				ONLY_ACTIVE_ARCH = YES;
				SDKROOT = iphoneos;
				SWIFT_ACTIVE_COMPILATION_CONDITIONS = DEBUG;
				SWIFT_OPTIMIZATION_LEVEL = "-Onone";
			};
			name = Debug;
		};
		30F94A74227B9C180077DF17 /* Release */ = {
			isa = XCBuildConfiguration;
			buildSettings = {
				ALWAYS_SEARCH_USER_PATHS = NO;
				CLANG_ANALYZER_LOCALIZABILITY_NONLOCALIZED = YES;
				CLANG_ANALYZER_NONNULL = YES;
				CLANG_ANALYZER_NUMBER_OBJECT_CONVERSION = YES_AGGRESSIVE;
				CLANG_CXX_LANGUAGE_STANDARD = "gnu++14";
				CLANG_CXX_LIBRARY = "libc++";
				CLANG_ENABLE_MODULES = YES;
				CLANG_ENABLE_OBJC_ARC = YES;
				CLANG_ENABLE_OBJC_WEAK = YES;
				CLANG_WARN_BLOCK_CAPTURE_AUTORELEASING = YES;
				CLANG_WARN_BOOL_CONVERSION = YES;
				CLANG_WARN_COMMA = YES;
				CLANG_WARN_CONSTANT_CONVERSION = YES;
				CLANG_WARN_DEPRECATED_OBJC_IMPLEMENTATIONS = YES;
				CLANG_WARN_DIRECT_OBJC_ISA_USAGE = YES_ERROR;
				CLANG_WARN_DOCUMENTATION_COMMENTS = YES;
				CLANG_WARN_EMPTY_BODY = YES;
				CLANG_WARN_ENUM_CONVERSION = YES;
				CLANG_WARN_INFINITE_RECURSION = YES;
				CLANG_WARN_INT_CONVERSION = YES;
				CLANG_WARN_NON_LITERAL_NULL_CONVERSION = YES;
				CLANG_WARN_OBJC_IMPLICIT_RETAIN_SELF = YES;
				CLANG_WARN_OBJC_LITERAL_CONVERSION = YES;
				CLANG_WARN_OBJC_ROOT_CLASS = YES_ERROR;
				CLANG_WARN_RANGE_LOOP_ANALYSIS = YES;
				CLANG_WARN_STRICT_PROTOTYPES = YES;
				CLANG_WARN_SUSPICIOUS_MOVE = YES;
				CLANG_WARN_UNGUARDED_AVAILABILITY = YES_AGGRESSIVE;
				CLANG_WARN_UNREACHABLE_CODE = YES;
				CLANG_WARN__DUPLICATE_METHOD_MATCH = YES;
				CODE_SIGN_IDENTITY = "iPhone Developer";
				COPY_PHASE_STRIP = NO;
				DEBUG_INFORMATION_FORMAT = "dwarf-with-dsym";
				ENABLE_NS_ASSERTIONS = NO;
				ENABLE_STRICT_OBJC_MSGSEND = YES;
				GCC_C_LANGUAGE_STANDARD = gnu11;
				GCC_NO_COMMON_BLOCKS = YES;
				GCC_WARN_64_TO_32_BIT_CONVERSION = YES;
				GCC_WARN_ABOUT_RETURN_TYPE = YES_ERROR;
				GCC_WARN_UNDECLARED_SELECTOR = YES;
				GCC_WARN_UNINITIALIZED_AUTOS = YES_AGGRESSIVE;
				GCC_WARN_UNUSED_FUNCTION = YES;
				GCC_WARN_UNUSED_VARIABLE = YES;
				IPHONEOS_DEPLOYMENT_TARGET = 12.2;
				MTL_ENABLE_DEBUG_INFO = NO;
				MTL_FAST_MATH = YES;
				SDKROOT = iphoneos;
				SWIFT_COMPILATION_MODE = wholemodule;
				SWIFT_OPTIMIZATION_LEVEL = "-O";
				VALIDATE_PRODUCT = YES;
			};
			name = Release;
		};
		30F94A76227B9C180077DF17 /* Debug */ = {
			isa = XCBuildConfiguration;
			buildSettings = {
				ASSETCATALOG_COMPILER_APPICON_NAME = AppIcon;
				CODE_SIGN_STYLE = Automatic;
				DEVELOPMENT_TEAM = 276Y5NFX22;
				INFOPLIST_FILE = DoIT/Info.plist;
				LD_RUNPATH_SEARCH_PATHS = (
					"$(inherited)",
					"@executable_path/Frameworks",
				);
				PRODUCT_BUNDLE_IDENTIFIER = com.porollo.DoIT;
				PRODUCT_NAME = "$(TARGET_NAME)";
				SWIFT_VERSION = 5.0;
				TARGETED_DEVICE_FAMILY = "1,2";
			};
			name = Debug;
		};
		30F94A77227B9C180077DF17 /* Release */ = {
			isa = XCBuildConfiguration;
			buildSettings = {
				ASSETCATALOG_COMPILER_APPICON_NAME = AppIcon;
				CODE_SIGN_STYLE = Automatic;
				DEVELOPMENT_TEAM = 276Y5NFX22;
				INFOPLIST_FILE = DoIT/Info.plist;
				LD_RUNPATH_SEARCH_PATHS = (
					"$(inherited)",
					"@executable_path/Frameworks",
				);
				PRODUCT_BUNDLE_IDENTIFIER = com.porollo.DoIT;
				PRODUCT_NAME = "$(TARGET_NAME)";
				SWIFT_VERSION = 5.0;
				TARGETED_DEVICE_FAMILY = "1,2";
			};
			name = Release;
		};
		30F94A79227B9C180077DF17 /* Debug */ = {
			isa = XCBuildConfiguration;
			buildSettings = {
				ALWAYS_EMBED_SWIFT_STANDARD_LIBRARIES = YES;
				BUNDLE_LOADER = "$(TEST_HOST)";
				CODE_SIGN_STYLE = Automatic;
				DEVELOPMENT_TEAM = 276Y5NFX22;
				INFOPLIST_FILE = DoITTests/Info.plist;
				LD_RUNPATH_SEARCH_PATHS = (
					"$(inherited)",
					"@executable_path/Frameworks",
					"@loader_path/Frameworks",
				);
				PRODUCT_BUNDLE_IDENTIFIER = com.porollo.DoITTests;
				PRODUCT_NAME = "$(TARGET_NAME)";
				SWIFT_VERSION = 5.0;
				TARGETED_DEVICE_FAMILY = "1,2";
				TEST_HOST = "$(BUILT_PRODUCTS_DIR)/DoIT.app/DoIT";
			};
			name = Debug;
		};
		30F94A7A227B9C180077DF17 /* Release */ = {
			isa = XCBuildConfiguration;
			buildSettings = {
				ALWAYS_EMBED_SWIFT_STANDARD_LIBRARIES = YES;
				BUNDLE_LOADER = "$(TEST_HOST)";
				CODE_SIGN_STYLE = Automatic;
				DEVELOPMENT_TEAM = 276Y5NFX22;
				INFOPLIST_FILE = DoITTests/Info.plist;
				LD_RUNPATH_SEARCH_PATHS = (
					"$(inherited)",
					"@executable_path/Frameworks",
					"@loader_path/Frameworks",
				);
				PRODUCT_BUNDLE_IDENTIFIER = com.porollo.DoITTests;
				PRODUCT_NAME = "$(TARGET_NAME)";
				SWIFT_VERSION = 5.0;
				TARGETED_DEVICE_FAMILY = "1,2";
				TEST_HOST = "$(BUILT_PRODUCTS_DIR)/DoIT.app/DoIT";
			};
			name = Release;
		};
		30F94A7C227B9C180077DF17 /* Debug */ = {
			isa = XCBuildConfiguration;
			buildSettings = {
				ALWAYS_EMBED_SWIFT_STANDARD_LIBRARIES = YES;
				CODE_SIGN_STYLE = Automatic;
				DEVELOPMENT_TEAM = 276Y5NFX22;
				INFOPLIST_FILE = DoITUITests/Info.plist;
				LD_RUNPATH_SEARCH_PATHS = (
					"$(inherited)",
					"@executable_path/Frameworks",
					"@loader_path/Frameworks",
				);
				PRODUCT_BUNDLE_IDENTIFIER = com.porollo.DoITUITests;
				PRODUCT_NAME = "$(TARGET_NAME)";
				SWIFT_VERSION = 5.0;
				TARGETED_DEVICE_FAMILY = "1,2";
				TEST_TARGET_NAME = DoIT;
			};
			name = Debug;
		};
		30F94A7D227B9C180077DF17 /* Release */ = {
			isa = XCBuildConfiguration;
			buildSettings = {
				ALWAYS_EMBED_SWIFT_STANDARD_LIBRARIES = YES;
				CODE_SIGN_STYLE = Automatic;
				DEVELOPMENT_TEAM = 276Y5NFX22;
				INFOPLIST_FILE = DoITUITests/Info.plist;
				LD_RUNPATH_SEARCH_PATHS = (
					"$(inherited)",
					"@executable_path/Frameworks",
					"@loader_path/Frameworks",
				);
				PRODUCT_BUNDLE_IDENTIFIER = com.porollo.DoITUITests;
				PRODUCT_NAME = "$(TARGET_NAME)";
				SWIFT_VERSION = 5.0;
				TARGETED_DEVICE_FAMILY = "1,2";
				TEST_TARGET_NAME = DoIT;
			};
			name = Release;
		};
/* End XCBuildConfiguration section */

/* Begin XCConfigurationList section */
		30F94A45227B9C160077DF17 /* Build configuration list for PBXProject "DoIT" */ = {
			isa = XCConfigurationList;
			buildConfigurations = (
				30F94A73227B9C180077DF17 /* Debug */,
				30F94A74227B9C180077DF17 /* Release */,
			);
			defaultConfigurationIsVisible = 0;
			defaultConfigurationName = Release;
		};
		30F94A75227B9C180077DF17 /* Build configuration list for PBXNativeTarget "DoIT" */ = {
			isa = XCConfigurationList;
			buildConfigurations = (
				30F94A76227B9C180077DF17 /* Debug */,
				30F94A77227B9C180077DF17 /* Release */,
			);
			defaultConfigurationIsVisible = 0;
			defaultConfigurationName = Release;
		};
		30F94A78227B9C180077DF17 /* Build configuration list for PBXNativeTarget "DoITTests" */ = {
			isa = XCConfigurationList;
			buildConfigurations = (
				30F94A79227B9C180077DF17 /* Debug */,
				30F94A7A227B9C180077DF17 /* Release */,
			);
			defaultConfigurationIsVisible = 0;
			defaultConfigurationName = Release;
		};
		30F94A7B227B9C180077DF17 /* Build configuration list for PBXNativeTarget "DoITUITests" */ = {
			isa = XCConfigurationList;
			buildConfigurations = (
				30F94A7C227B9C180077DF17 /* Debug */,
				30F94A7D227B9C180077DF17 /* Release */,
			);
			defaultConfigurationIsVisible = 0;
			defaultConfigurationName = Release;
		};
/* End XCConfigurationList section */

/* Begin XCVersionGroup section */
		30F94A54227B9C160077DF17 /* DoIT.xcdatamodeld */ = {
			isa = XCVersionGroup;
			children = (
				30F94A55227B9C160077DF17 /* DoIT.xcdatamodel */,
			);
			currentVersion = 30F94A55227B9C160077DF17 /* DoIT.xcdatamodel */;
			path = DoIT.xcdatamodeld;
			sourceTree = "<group>";
			versionGroupType = wrapper.xcdatamodel;
		};
/* End XCVersionGroup section */
	};
	rootObject = 30F94A42227B9C160077DF17 /* Project object */;
}
